
Microsoft Visual Studio Solution File, Format Version 12.00
# Visual Studio Version 16
VisualStudioVersion = 16.0.31911.196
MinimumVisualStudioVersion = 10.0.40219.1
Project("{FAE04EC0-301F-11D3-BF4B-00C04F79EFBC}") = "L1_GCNB_1154322", "L1_GCNB_1154322\L1_GCNB_1154322.csproj", "{9A8636C9-68D2-4718-B9C6-E1046931BC6A}"
EndProject
Global
	GlobalSection(SolutionConfigurationPlatforms) = preSolution
		Debug|Any CPU = Debug|Any CPU
		Release|Any CPU = Release|Any CPU
	EndGlobalSection
	GlobalSection(ProjectConfigurationPlatforms) = postSolution
		{9A8636C9-68D2-4718-B9C6-E1046931BC6A}.Debug|Any CPU.ActiveCfg = Debug|Any CPU
		{9A8636C9-68D2-4718-B9C6-E1046931BC6A}.Debug|Any CPU.Build.0 = Debug|Any CPU
		{9A8636C9-68D2-4718-B9C6-E1046931BC6A}.Release|Any CPU.ActiveCfg = Release|Any CPU
		{9A8636C9-68D2-4718-B9C6-E1046931BC6A}.Release|Any CPU.Build.0 = Release|Any CPU
	EndGlobalSection
	GlobalSection(SolutionProperties) = preSolution
		HideSolutionNode = FALSE
	EndGlobalSection
	GlobalSection(ExtensibilityGlobals) = postSolution
		SolutionGuid = {46DC984D-364A-405D-B45E-569840B3F79A}
	EndGlobalSection
EndGlobal
